
Microsoft Visual Studio Solution File, Format Version 12.00
# Visual Studio 15
VisualStudioVersion = 15.0.28307.757
MinimumVisualStudioVersion = 10.0.40219.1
Project("{9A19103F-16F7-4668-BE54-9A1E7A4F7556}") = "Rover", "Rover\Rover.csproj", "{037FAB3F-D07A-4F66-B4DA-C78B038E71B3}"
EndProject
Project("{9A19103F-16F7-4668-BE54-9A1E7A4F7556}") = "Rover.Tests", "Rover.Tests\Rover.Tests.csproj", "{74013BD6-0AB9-49C9-87DD-DBEAD2A0E4DF}"
EndProject
Global
	GlobalSection(SolutionConfigurationPlatforms) = preSolution
		Debug|Any CPU = Debug|Any CPU
		Release|Any CPU = Release|Any CPU
	EndGlobalSection
	GlobalSection(ProjectConfigurationPlatforms) = postSolution
		{037FAB3F-D07A-4F66-B4DA-C78B038E71B3}.Debug|Any CPU.ActiveCfg = Debug|Any CPU
		{037FAB3F-D07A-4F66-B4DA-C78B038E71B3}.Debug|Any CPU.Build.0 = Debug|Any CPU
		{037FAB3F-D07A-4F66-B4DA-C78B038E71B3}.Release|Any CPU.ActiveCfg = Release|Any CPU
		{037FAB3F-D07A-4F66-B4DA-C78B038E71B3}.Release|Any CPU.Build.0 = Release|Any CPU
		{74013BD6-0AB9-49C9-87DD-DBEAD2A0E4DF}.Debug|Any CPU.ActiveCfg = Debug|Any CPU
		{74013BD6-0AB9-49C9-87DD-DBEAD2A0E4DF}.Debug|Any CPU.Build.0 = Debug|Any CPU
		{74013BD6-0AB9-49C9-87DD-DBEAD2A0E4DF}.Release|Any CPU.ActiveCfg = Release|Any CPU
		{74013BD6-0AB9-49C9-87DD-DBEAD2A0E4DF}.Release|Any CPU.Build.0 = Release|Any CPU
	EndGlobalSection
	GlobalSection(SolutionProperties) = preSolution
		HideSolutionNode = FALSE
	EndGlobalSection
	GlobalSection(ExtensibilityGlobals) = postSolution
		SolutionGuid = {30D307DF-4A39-4E5A-8D35-377A1FDA40EC}
	EndGlobalSection
EndGlobal
